
Microsoft Visual Studio Solution File, Format Version 12.00
# Visual Studio Version 17
VisualStudioVersion = 17.8.34322.80
MinimumVisualStudioVersion = 10.0.40219.1
Project("{FAE04EC0-301F-11D3-BF4B-00C04F79EFBC}") = "CalculadoraRankeada", "CalculadoraRankeada\CalculadoraRankeada.csproj", "{0B5F3033-E3A0-4BE5-AF87-229E6FC43C1C}"
EndProject
Global
	GlobalSection(SolutionConfigurationPlatforms) = preSolution
		Debug|Any CPU = Debug|Any CPU
		Release|Any CPU = Release|Any CPU
	EndGlobalSection
	GlobalSection(ProjectConfigurationPlatforms) = postSolution
		{0B5F3033-E3A0-4BE5-AF87-229E6FC43C1C}.Debug|Any CPU.ActiveCfg = Debug|Any CPU
		{0B5F3033-E3A0-4BE5-AF87-229E6FC43C1C}.Debug|Any CPU.Build.0 = Debug|Any CPU
		{0B5F3033-E3A0-4BE5-AF87-229E6FC43C1C}.Release|Any CPU.ActiveCfg = Release|Any CPU
		{0B5F3033-E3A0-4BE5-AF87-229E6FC43C1C}.Release|Any CPU.Build.0 = Release|Any CPU
	EndGlobalSection
	GlobalSection(SolutionProperties) = preSolution
		HideSolutionNode = FALSE
	EndGlobalSection
	GlobalSection(ExtensibilityGlobals) = postSolution
		SolutionGuid = {D4A13E56-B75F-4D48-8935-3F41D400C6EA}
	EndGlobalSection
EndGlobal
